Microsoft Visual Studio Solution File, Format Version 12.00
# Visual Studio 2012
Project("{FAE04EC0-301F-11D3-BF4B-00C04F79EFBC}") = "NecroTD", "NecroTD.csproj", "{BCDEE705-5F21-4DB7-BFB4-2E4AF5364BB3}"
EndProject
Global
	GlobalSection(SolutionConfigurationPlatforms) = preSolution
	Debug|Any CPU = Debug|Any CPU
	ExportDebug|Any CPU = ExportDebug|Any CPU
	ExportRelease|Any CPU = ExportRelease|Any CPU
	EndGlobalSection
	GlobalSection(ProjectConfigurationPlatforms) = postSolution
		{BCDEE705-5F21-4DB7-BFB4-2E4AF5364BB3}.Debug|Any CPU.ActiveCfg = Debug|Any CPU
		{BCDEE705-5F21-4DB7-BFB4-2E4AF5364BB3}.Debug|Any CPU.Build.0 = Debug|Any CPU
		{BCDEE705-5F21-4DB7-BFB4-2E4AF5364BB3}.ExportDebug|Any CPU.ActiveCfg = ExportDebug|Any CPU
		{BCDEE705-5F21-4DB7-BFB4-2E4AF5364BB3}.ExportDebug|Any CPU.Build.0 = ExportDebug|Any CPU
		{BCDEE705-5F21-4DB7-BFB4-2E4AF5364BB3}.ExportRelease|Any CPU.ActiveCfg = ExportRelease|Any CPU
		{BCDEE705-5F21-4DB7-BFB4-2E4AF5364BB3}.ExportRelease|Any CPU.Build.0 = ExportRelease|Any CPU
	EndGlobalSection
EndGlobal
